
Microsoft Visual Studio Solution File, Format Version 12.00
# Visual Studio Version 16
VisualStudioVersion = 16.0.29911.84
MinimumVisualStudioVersion = 10.0.40219.1
Project("{FAE04EC0-301F-11D3-BF4B-00C04F79EFBC}") = "RealTimeBroker.Web", "RealTimeBroker.Web\RealTimeBroker.Web.csproj", "{C7B6BF64-2911-4DDB-B6A5-51B9414B6DAF}"
EndProject
Global
	GlobalSection(SolutionConfigurationPlatforms) = preSolution
		Debug|Any CPU = Debug|Any CPU
		Release|Any CPU = Release|Any CPU
	EndGlobalSection
	GlobalSection(ProjectConfigurationPlatforms) = postSolution
		{C7B6BF64-2911-4DDB-B6A5-51B9414B6DAF}.Debug|Any CPU.ActiveCfg = Debug|Any CPU
		{C7B6BF64-2911-4DDB-B6A5-51B9414B6DAF}.Debug|Any CPU.Build.0 = Debug|Any CPU
		{C7B6BF64-2911-4DDB-B6A5-51B9414B6DAF}.Release|Any CPU.ActiveCfg = Release|Any CPU
		{C7B6BF64-2911-4DDB-B6A5-51B9414B6DAF}.Release|Any CPU.Build.0 = Release|Any CPU
	EndGlobalSection
	GlobalSection(SolutionProperties) = preSolution
		HideSolutionNode = FALSE
	EndGlobalSection
	GlobalSection(ExtensibilityGlobals) = postSolution
		SolutionGuid = {3F736261-4F4B-45CC-BB42-677482AB0D19}
	EndGlobalSection
EndGlobal
